
Microsoft Visual Studio Solution File, Format Version 12.00
# Visual Studio Version 17
VisualStudioVersion = 17.11.35222.181
MinimumVisualStudioVersion = 10.0.40219.1
Project("{FAE04EC0-301F-11D3-BF4B-00C04F79EFBC}") = "ChickenFilmV2", "ChickenFilmV2\ChickenFilmV2.csproj", "{7B33C1D7-2F1F-44BD-BBCA-3C63D1F543A3}"
EndProject
Global
	GlobalSection(SolutionConfigurationPlatforms) = preSolution
		Debug|Any CPU = Debug|Any CPU
		Release|Any CPU = Release|Any CPU
	EndGlobalSection
	GlobalSection(ProjectConfigurationPlatforms) = postSolution
		{7B33C1D7-2F1F-44BD-BBCA-3C63D1F543A3}.Debug|Any CPU.ActiveCfg = Debug|Any CPU
		{7B33C1D7-2F1F-44BD-BBCA-3C63D1F543A3}.Debug|Any CPU.Build.0 = Debug|Any CPU
		{7B33C1D7-2F1F-44BD-BBCA-3C63D1F543A3}.Release|Any CPU.ActiveCfg = Release|Any CPU
		{7B33C1D7-2F1F-44BD-BBCA-3C63D1F543A3}.Release|Any CPU.Build.0 = Release|Any CPU
	EndGlobalSection
	GlobalSection(SolutionProperties) = preSolution
		HideSolutionNode = FALSE
	EndGlobalSection
	GlobalSection(ExtensibilityGlobals) = postSolution
		SolutionGuid = {16E4C12D-182A-4BBD-95E8-8536EC5632D7}
	EndGlobalSection
EndGlobal
